
Microsoft Visual Studio Solution File, Format Version 12.00
# Visual Studio Version 17
VisualStudioVersion = 17.1.32210.238
MinimumVisualStudioVersion = 10.0.40219.1
Project("{FAE04EC0-301F-11D3-BF4B-00C04F79EFBC}") = "WpfLab7", "WpfLab7\WpfLab7.csproj", "{423B60F6-9241-4435-AD22-24443C47B9AF}"
EndProject
Global
	GlobalSection(SolutionConfigurationPlatforms) = preSolution
		Debug|Any CPU = Debug|Any CPU
		Release|Any CPU = Release|Any CPU
	EndGlobalSection
	GlobalSection(ProjectConfigurationPlatforms) = postSolution
		{423B60F6-9241-4435-AD22-24443C47B9AF}.Debug|Any CPU.ActiveCfg = Debug|Any CPU
		{423B60F6-9241-4435-AD22-24443C47B9AF}.Debug|Any CPU.Build.0 = Debug|Any CPU
		{423B60F6-9241-4435-AD22-24443C47B9AF}.Release|Any CPU.ActiveCfg = Release|Any CPU
		{423B60F6-9241-4435-AD22-24443C47B9AF}.Release|Any CPU.Build.0 = Release|Any CPU
	EndGlobalSection
	GlobalSection(SolutionProperties) = preSolution
		HideSolutionNode = FALSE
	EndGlobalSection
	GlobalSection(ExtensibilityGlobals) = postSolution
		SolutionGuid = {1CF30688-016C-4945-BB49-73547460EAD4}
	EndGlobalSection
EndGlobal
